// !$*UTF8*$!
{
	archiveVersion = 1;
	classes = {
	};
	objectVersion = 46;
	objects = {

/* Begin PBXBuildFile section */
		08484430F3EA05ED998670D7 /* Pods_WeatherApp.framework in Frameworks */ = {isa = PBXBuildFile; fileRef = 9AE511B9840EA5198DCAB33F /* Pods_WeatherApp.framework */; };
		D400C2991C6B25CF00A26019 /* AppDelegate.swift in Sources */ = {isa = PBXBuildFile; fileRef = D400C2981C6B25CF00A26019 /* AppDelegate.swift */; };
		D400C29E1C6B25CF00A26019 /* Main.storyboard in Resources */ = {isa = PBXBuildFile; fileRef = D400C29C1C6B25CF00A26019 /* Main.storyboard */; };
		D400C2A01C6B25CF00A26019 /* Assets.xcassets in Resources */ = {isa = PBXBuildFile; fileRef = D400C29F1C6B25CF00A26019 /* Assets.xcassets */; };
		D400C2A31C6B25CF00A26019 /* LaunchScreen.storyboard in Resources */ = {isa = PBXBuildFile; fileRef = D400C2A11C6B25CF00A26019 /* LaunchScreen.storyboard */; };
		D4580DA21C6D292D0008A18C /* DK Buttered Toast.otf in Resources */ = {isa = PBXBuildFile; fileRef = D4580DA11C6D292D0008A18C /* DK Buttered Toast.otf */; };
		D4580DA41C6D2A710008A18C /* MainWeatherVC.swift in Sources */ = {isa = PBXBuildFile; fileRef = D4580DA31C6D2A710008A18C /* MainWeatherVC.swift */; };
		D4580DA61C6D2A820008A18C /* LocationWeatherVC.swift in Sources */ = {isa = PBXBuildFile; fileRef = D4580DA51C6D2A820008A18C /* LocationWeatherVC.swift */; };
		D4580DA81C6D56780008A18C /* WeatherCell.swift in Sources */ = {isa = PBXBuildFile; fileRef = D4580DA71C6D56780008A18C /* WeatherCell.swift */; };
		D4580DAA1C6D5B0A0008A18C /* Weather.swift in Sources */ = {isa = PBXBuildFile; fileRef = D4580DA91C6D5B0A0008A18C /* Weather.swift */; };
		D4580DB11C6DA58B0008A18C /* Interface.storyboard in Resources */ = {isa = PBXBuildFile; fileRef = D4580DAF1C6DA58B0008A18C /* Interface.storyboard */; };
		D4580DB31C6DA58B0008A18C /* Assets.xcassets in Resources */ = {isa = PBXBuildFile; fileRef = D4580DB21C6DA58B0008A18C /* Assets.xcassets */; };
		D4580DBA1C6DA58C0008A18C /* WeatherWatch Extension.appex in Embed App Extensions */ = {isa = PBXBuildFile; fileRef = D4580DB91C6DA58C0008A18C /* WeatherWatch Extension.appex */; settings = {ATTRIBUTES = (RemoveHeadersOnCopy, ); }; };
		D4580DBF1C6DA58C0008A18C /* InterfaceController.swift in Sources */ = {isa = PBXBuildFile; fileRef = D4580DBE1C6DA58C0008A18C /* InterfaceController.swift */; };
		D4580DC11C6DA58C0008A18C /* ExtensionDelegate.swift in Sources */ = {isa = PBXBuildFile; fileRef = D4580DC01C6DA58C0008A18C /* ExtensionDelegate.swift */; };
		D4580DC31C6DA58C0008A18C /* Assets.xcassets in Resources */ = {isa = PBXBuildFile; fileRef = D4580DC21C6DA58C0008A18C /* Assets.xcassets */; };
		D4580DC71C6DA58C0008A18C /* WeatherWatch.app in Embed Watch Content */ = {isa = PBXBuildFile; fileRef = D4580DAD1C6DA58B0008A18C /* WeatherWatch.app */; };
		D4580DD11C6FC0E00008A18C /* Constants.swift in Sources */ = {isa = PBXBuildFile; fileRef = D4580DD01C6FC0E00008A18C /* Constants.swift */; };
/* End PBXBuildFile section */

/* Begin PBXContainerItemProxy section */
		D4580DBB1C6DA58C0008A18C /* PBXContainerItemProxy */ = {
			isa = PBXContainerItemProxy;
			containerPortal = D400C28D1C6B25CF00A26019 /* Project object */;
			proxyType = 1;
			remoteGlobalIDString = D4580DB81C6DA58C0008A18C;
			remoteInfo = "WeatherWatch Extension";
		};
		D4580DC51C6DA58C0008A18C /* PBXContainerItemProxy */ = {
			isa = PBXContainerItemProxy;
			containerPortal = D400C28D1C6B25CF00A26019 /* Project object */;
			proxyType = 1;
			remoteGlobalIDString = D4580DAC1C6DA58B0008A18C;
			remoteInfo = WeatherWatch;
		};
/* End PBXContainerItemProxy section */

/* Begin PBXCopyFilesBuildPhase section */
		D4580DCB1C6DA58C0008A18C /* Embed App Extensions */ = {
			isa = PBXCopyFilesBuildPhase;
			buildActionMask = 2147483647;
			dstPath = "";
			dstSubfolderSpec = 13;
			files = (
				D4580DBA1C6DA58C0008A18C /* WeatherWatch Extension.appex in Embed App Extensions */,
			);
			name = "Embed App Extensions";
			runOnlyForDeploymentPostprocessing = 0;
		};
		D4580DCF1C6DA58C0008A18C /* Embed Watch Content */ = {
			isa = PBXCopyFilesBuildPhase;
			buildActionMask = 2147483647;
			dstPath = "$(CONTENTS_FOLDER_PATH)/Watch";
			dstSubfolderSpec = 16;
			files = (
				D4580DC71C6DA58C0008A18C /* WeatherWatch.app in Embed Watch Content */,
			);
			name = "Embed Watch Content";
			runOnlyForDeploymentPostprocessing = 0;
		};
/* End PBXCopyFilesBuildPhase section */

/* Begin PBXFileReference section */
		2C881C4F0DC515390B3FC23F /* Pods-WeatherApp.debug.xcconfig */ = {isa = PBXFileReference; includeInIndex = 1; lastKnownFileType = text.xcconfig; name = "Pods-WeatherApp.debug.xcconfig"; path = "Pods/Target Support Files/Pods-WeatherApp/Pods-WeatherApp.debug.xcconfig"; sourceTree = "<group>"; };
		84560E0AD13FFF02E94FC098 /* Pods-WeatherApp.release.xcconfig */ = {isa = PBXFileReference; includeInIndex = 1; lastKnownFileType = text.xcconfig; name = "Pods-WeatherApp.release.xcconfig"; path = "Pods/Target Support Files/Pods-WeatherApp/Pods-WeatherApp.release.xcconfig"; sourceTree = "<group>"; };
		9AE511B9840EA5198DCAB33F /* Pods_WeatherApp.framework */ = {isa = PBXFileReference; explicitFileType = wrapper.framework; includeInIndex = 0; path = Pods_WeatherApp.framework; sourceTree = BUILT_PRODUCTS_DIR; };
		D400C2951C6B25CF00A26019 /* WeatherApp.app */ = {isa = PBXFileReference; explicitFileType = wrapper.application; includeInIndex = 0; path = WeatherApp.app; sourceTree = BUILT_PRODUCTS_DIR; };
		D400C2981C6B25CF00A26019 /* AppDelegate.swift */ = {isa = PBXFileReference; lastKnownFileType = sourcecode.swift; path = AppDelegate.swift; sourceTree = "<group>"; };
		D400C29D1C6B25CF00A26019 /* Base */ = {isa = PBXFileReference; lastKnownFileType = file.storyboard; name = Base; path = Base.lproj/Main.storyboard; sourceTree = "<group>"; };
		D400C29F1C6B25CF00A26019 /* Assets.xcassets */ = {isa = PBXFileReference; lastKnownFileType = folder.assetcatalog; path = Assets.xcassets; sourceTree = "<group>"; };
		D400C2A21C6B25CF00A26019 /* Base */ = {isa = PBXFileReference; lastKnownFileType = file.storyboard; name = Base; path = Base.lproj/LaunchScreen.storyboard; sourceTree = "<group>"; };
		D400C2A41C6B25CF00A26019 /* Info.plist */ = {isa = PBXFileReference; lastKnownFileType = text.plist.xml; path = Info.plist; sourceTree = "<group>"; };
		D4580DA11C6D292D0008A18C /* DK Buttered Toast.otf */ = {isa = PBXFileReference; lastKnownFileType = file; path = "DK Buttered Toast.otf"; sourceTree = "<group>"; };
		D4580DA31C6D2A710008A18C /* MainWeatherVC.swift */ = {isa = PBXFileReference; fileEncoding = 4; lastKnownFileType = sourcecode.swift; path = MainWeatherVC.swift; sourceTree = "<group>"; };
		D4580DA51C6D2A820008A18C /* LocationWeatherVC.swift */ = {isa = PBXFileReference; fileEncoding = 4; lastKnownFileType = sourcecode.swift; path = LocationWeatherVC.swift; sourceTree = "<group>"; };
		D4580DA71C6D56780008A18C /* WeatherCell.swift */ = {isa = PBXFileReference; fileEncoding = 4; lastKnownFileType = sourcecode.swift; path = WeatherCell.swift; sourceTree = "<group>"; };
		D4580DA91C6D5B0A0008A18C /* Weather.swift */ = {isa = PBXFileReference; fileEncoding = 4; lastKnownFileType = sourcecode.swift; path = Weather.swift; sourceTree = "<group>"; };
		D4580DAD1C6DA58B0008A18C /* WeatherWatch.app */ = {isa = PBXFileReference; explicitFileType = wrapper.application; includeInIndex = 0; path = WeatherWatch.app; sourceTree = BUILT_PRODUCTS_DIR; };
		D4580DB01C6DA58B0008A18C /* Base */ = {isa = PBXFileReference; lastKnownFileType = file.storyboard; name = Base; path = Base.lproj/Interface.storyboard; sourceTree = "<group>"; };
		D4580DB21C6DA58B0008A18C /* Assets.xcassets */ = {isa = PBXFileReference; lastKnownFileType = folder.assetcatalog; path = Assets.xcassets; sourceTree = "<group>"; };
		D4580DB41C6DA58B0008A18C /* Info.plist */ = {isa = PBXFileReference; lastKnownFileType = text.plist.xml; path = Info.plist; sourceTree = "<group>"; };
		D4580DB91C6DA58C0008A18C /* WeatherWatch Extension.appex */ = {isa = PBXFileReference; explicitFileType = "wrapper.app-extension"; includeInIndex = 0; path = "WeatherWatch Extension.appex"; sourceTree = BUILT_PRODUCTS_DIR; };
		D4580DBE1C6DA58C0008A18C /* InterfaceController.swift */ = {isa = PBXFileReference; lastKnownFileType = sourcecode.swift; path = InterfaceController.swift; sourceTree = "<group>"; };
		D4580DC01C6DA58C0008A18C /* ExtensionDelegate.swift */ = {isa = PBXFileReference; lastKnownFileType = sourcecode.swift; path = ExtensionDelegate.swift; sourceTree = "<group>"; };
		D4580DC21C6DA58C0008A18C /* Assets.xcassets */ = {isa = PBXFileReference; lastKnownFileType = folder.assetcatalog; path = Assets.xcassets; sourceTree = "<group>"; };
		D4580DC41C6DA58C0008A18C /* Info.plist */ = {isa = PBXFileReference; lastKnownFileType = text.plist.xml; path = Info.plist; sourceTree = "<group>"; };
		D4580DD01C6FC0E00008A18C /* Constants.swift */ = {isa = PBXFileReference; fileEncoding = 4; lastKnownFileType = sourcecode.swift; path = Constants.swift; sourceTree = "<group>"; };
/* End PBXFileReference section */

/* Begin PBXFrameworksBuildPhase section */
		D400C2921C6B25CF00A26019 /* Frameworks */ = {
			isa = PBXFrameworksBuildPhase;
			buildActionMask = 2147483647;
			files = (
				08484430F3EA05ED998670D7 /* Pods_WeatherApp.framework in Frameworks */,
			);
			runOnlyForDeploymentPostprocessing = 0;
		};
		D4580DB61C6DA58C0008A18C /* Frameworks */ = {
			isa = PBXFrameworksBuildPhase;
			buildActionMask = 2147483647;
			files = (
			);
			runOnlyForDeploymentPostprocessing = 0;
		};
/* End PBXFrameworksBuildPhase section */

/* Begin PBXGroup section */
		2241EDAB492BEE4CC2E6BA34 /* Frameworks */ = {
			isa = PBXGroup;
			children = (
				9AE511B9840EA5198DCAB33F /* Pods_WeatherApp.framework */,
			);
			name = Frameworks;
			sourceTree = "<group>";
		};
		9B1BD34053A7430FD138D8A5 /* Pods */ = {
			isa = PBXGroup;
			children = (
				2C881C4F0DC515390B3FC23F /* Pods-WeatherApp.debug.xcconfig */,
				84560E0AD13FFF02E94FC098 /* Pods-WeatherApp.release.xcconfig */,
			);
			name = Pods;
			sourceTree = "<group>";
		};
		D400C28C1C6B25CF00A26019 = {
			isa = PBXGroup;
			children = (
				D400C2971C6B25CF00A26019 /* WeatherApp */,
				D4580DAE1C6DA58B0008A18C /* WeatherWatch */,
				D4580DBD1C6DA58C0008A18C /* WeatherWatch Extension */,
				D400C2961C6B25CF00A26019 /* Products */,
				9B1BD34053A7430FD138D8A5 /* Pods */,
				2241EDAB492BEE4CC2E6BA34 /* Frameworks */,
			);
			sourceTree = "<group>";
		};
		D400C2961C6B25CF00A26019 /* Products */ = {
			isa = PBXGroup;
			children = (
				D400C2951C6B25CF00A26019 /* WeatherApp.app */,
				D4580DAD1C6DA58B0008A18C /* WeatherWatch.app */,
				D4580DB91C6DA58C0008A18C /* WeatherWatch Extension.appex */,
			);
			name = Products;
			sourceTree = "<group>";
		};
		D400C2971C6B25CF00A26019 /* WeatherApp */ = {
			isa = PBXGroup;
			children = (
				D4580DA01C6D1C880008A18C /* Resources */,
				D4580D9F1C6D1C830008A18C /* Model */,
				D4580D9E1C6D1C7F0008A18C /* Controller */,
				D4580D9D1C6D1C7B0008A18C /* View */,
				D400C2981C6B25CF00A26019 /* AppDelegate.swift */,
				D400C29C1C6B25CF00A26019 /* Main.storyboard */,
				D400C29F1C6B25CF00A26019 /* Assets.xcassets */,
				D400C2A11C6B25CF00A26019 /* LaunchScreen.storyboard */,
				D400C2A41C6B25CF00A26019 /* Info.plist */,
			);
			path = WeatherApp;
			sourceTree = "<group>";
		};
		D4580D9D1C6D1C7B0008A18C /* View */ = {
			isa = PBXGroup;
			children = (
				D4580DA31C6D2A710008A18C /* MainWeatherVC.swift */,
				D4580DA51C6D2A820008A18C /* LocationWeatherVC.swift */,
				D4580DA71C6D56780008A18C /* WeatherCell.swift */,
			);
			name = View;
			sourceTree = "<group>";
		};
		D4580D9E1C6D1C7F0008A18C /* Controller */ = {
			isa = PBXGroup;
			children = (
			);
			name = Controller;
			sourceTree = "<group>";
		};
		D4580D9F1C6D1C830008A18C /* Model */ = {
			isa = PBXGroup;
			children = (
				D4580DA91C6D5B0A0008A18C /* Weather.swift */,
			);
			name = Model;
			sourceTree = "<group>";
		};
		D4580DA01C6D1C880008A18C /* Resources */ = {
			isa = PBXGroup;
			children = (
				D4580DA11C6D292D0008A18C /* DK Buttered Toast.otf */,
				D4580DD01C6FC0E00008A18C /* Constants.swift */,
			);
			name = Resources;
			sourceTree = "<group>";
		};
		D4580DAE1C6DA58B0008A18C /* WeatherWatch */ = {
			isa = PBXGroup;
			children = (
				D4580DAF1C6DA58B0008A18C /* Interface.storyboard */,
				D4580DB21C6DA58B0008A18C /* Assets.xcassets */,
				D4580DB41C6DA58B0008A18C /* Info.plist */,
			);
			path = WeatherWatch;
			sourceTree = "<group>";
		};
		D4580DBD1C6DA58C0008A18C /* WeatherWatch Extension */ = {
			isa = PBXGroup;
			children = (
				D4580DBE1C6DA58C0008A18C /* InterfaceController.swift */,
				D4580DC01C6DA58C0008A18C /* ExtensionDelegate.swift */,
				D4580DC21C6DA58C0008A18C /* Assets.xcassets */,
				D4580DC41C6DA58C0008A18C /* Info.plist */,
			);
			path = "WeatherWatch Extension";
			sourceTree = "<group>";
		};
/* End PBXGroup section */

/* Begin PBXNativeTarget section */
		D400C2941C6B25CF00A26019 /* WeatherApp */ = {
			isa = PBXNativeTarget;
			buildConfigurationList = D400C2A71C6B25CF00A26019 /* Build configuration list for PBXNativeTarget "WeatherApp" */;
			buildPhases = (
				C6673A0A6ECDCB9BF82A8FCD /* Check Pods Manifest.lock */,
				D400C2911C6B25CF00A26019 /* Sources */,
				D400C2921C6B25CF00A26019 /* Frameworks */,
				D400C2931C6B25CF00A26019 /* Resources */,
				FCB0784D4D34A0BFB90ABEE7 /* Embed Pods Frameworks */,
				F237496C4458CFF427F386A0 /* Copy Pods Resources */,
				D4580DCF1C6DA58C0008A18C /* Embed Watch Content */,
			);
			buildRules = (
			);
			dependencies = (
				D4580DC61C6DA58C0008A18C /* PBXTargetDependency */,
			);
			name = WeatherApp;
			productName = WeatherApp;
			productReference = D400C2951C6B25CF00A26019 /* WeatherApp.app */;
			productType = "com.apple.product-type.application";
		};
		D4580DAC1C6DA58B0008A18C /* WeatherWatch */ = {
			isa = PBXNativeTarget;
			buildConfigurationList = D4580DCC1C6DA58C0008A18C /* Build configuration list for PBXNativeTarget "WeatherWatch" */;
			buildPhases = (
				D4580DAB1C6DA58B0008A18C /* Resources */,
				D4580DCB1C6DA58C0008A18C /* Embed App Extensions */,
			);
			buildRules = (
			);
			dependencies = (
				D4580DBC1C6DA58C0008A18C /* PBXTargetDependency */,
			);
			name = WeatherWatch;
			productName = WeatherWatch;
			productReference = D4580DAD1C6DA58B0008A18C /* WeatherWatch.app */;
			productType = "com.apple.product-type.application.watchapp2";
		};
		D4580DB81C6DA58C0008A18C /* WeatherWatch Extension */ = {
			isa = PBXNativeTarget;
			buildConfigurationList = D4580DC81C6DA58C0008A18C /* Build configuration list for PBXNativeTarget "WeatherWatch Extension" */;
			buildPhases = (
				D4580DB51C6DA58C0008A18C /* Sources */,
				D4580DB61C6DA58C0008A18C /* Frameworks */,
				D4580DB71C6DA58C0008A18C /* Resources */,
			);
			buildRules = (
			);
			dependencies = (
			);
			name = "WeatherWatch Extension";
			productName = "WeatherWatch Extension";
			productReference = D4580DB91C6DA58C0008A18C /* WeatherWatch Extension.appex */;
			productType = "com.apple.product-type.watchkit2-extension";
		};
/* End PBXNativeTarget section */

/* Begin PBXProject section */
		D400C28D1C6B25CF00A26019 /* Project object */ = {
			isa = PBXProject;
			attributes = {
				LastSwiftUpdateCheck = 0720;
				LastUpgradeCheck = 0720;
				ORGANIZATIONNAME = "Nicholas Ivanecky";
				TargetAttributes = {
					D400C2941C6B25CF00A26019 = {
						CreatedOnToolsVersion = 7.2;
					};
					D4580DAC1C6DA58B0008A18C = {
						CreatedOnToolsVersion = 7.2;
					};
					D4580DB81C6DA58C0008A18C = {
						CreatedOnToolsVersion = 7.2;
					};
				};
			};
			buildConfigurationList = D400C2901C6B25CF00A26019 /* Build configuration list for PBXProject "WeatherApp" */;
			compatibilityVersion = "Xcode 3.2";
			developmentRegion = English;
			hasScannedForEncodings = 0;
			knownRegions = (
				en,
				Base,
			);
			mainGroup = D400C28C1C6B25CF00A26019;
			productRefGroup = D400C2961C6B25CF00A26019 /* Products */;
			projectDirPath = "";
			projectRoot = "";
			targets = (
				D400C2941C6B25CF00A26019 /* WeatherApp */,
				D4580DAC1C6DA58B0008A18C /* WeatherWatch */,
				D4580DB81C6DA58C0008A18C /* WeatherWatch Extension */,
			);
		};
/* End PBXProject section */

/* Begin PBXResourcesBuildPhase section */
		D400C2931C6B25CF00A26019 /* Resources */ = {
			isa = PBXResourcesBuildPhase;
			buildActionMask = 2147483647;
			files = (
				D400C2A31C6B25CF00A26019 /* LaunchScreen.storyboard in Resources */,
				D4580DA21C6D292D0008A18C /* DK Buttered Toast.otf in Resources */,
				D400C2A01C6B25CF00A26019 /* Assets.xcassets in Resources */,
				D400C29E1C6B25CF00A26019 /* Main.storyboard in Resources */,
			);
			runOnlyForDeploymentPostprocessing = 0;
		};
		D4580DAB1C6DA58B0008A18C /* Resources */ = {
			isa = PBXResourcesBuildPhase;
			buildActionMask = 2147483647;
			files = (
				D4580DB31C6DA58B0008A18C /* Assets.xcassets in Resources */,
				D4580DB11C6DA58B0008A18C /* Interface.storyboard in Resources */,
			);
			runOnlyForDeploymentPostprocessing = 0;
		};
		D4580DB71C6DA58C0008A18C /* Resources */ = {
			isa = PBXResourcesBuildPhase;
			buildActionMask = 2147483647;
			files = (
				D4580DC31C6DA58C0008A18C /* Assets.xcassets in Resources */,
			);
			runOnlyForDeploymentPostprocessing = 0;
		};
/* End PBXResourcesBuildPhase section */

/* Begin PBXShellScriptBuildPhase section */
		C6673A0A6ECDCB9BF82A8FCD /* Check Pods Manifest.lock */ = {
			isa = PBXShellScriptBuildPhase;
			buildActionMask = 2147483647;
			files = (
			);
			inputPaths = (
			);
			name = "Check Pods Manifest.lock";
			outputPaths = (
			);
			runOnlyForDeploymentPostprocessing = 0;
			shellPath = /bin/sh;
			shellScript = "diff \"${PODS_ROOT}/../Podfile.lock\" \"${PODS_ROOT}/Manifest.lock\" > /dev/null\nif [[ $? != 0 ]] ; then\n    cat << EOM\nerror: The sandbox is not in sync with the Podfile.lock. Run 'pod install' or update your CocoaPods installation.\nEOM\n    exit 1\nfi\n";
			showEnvVarsInLog = 0;
		};
		F237496C4458CFF427F386A0 /* Copy Pods Resources */ = {
			isa = PBXShellScriptBuildPhase;
			buildActionMask = 2147483647;
			files = (
			);
			inputPaths = (
			);
			name = "Copy Pods Resources";
			outputPaths = (
			);
			runOnlyForDeploymentPostprocessing = 0;
			shellPath = /bin/sh;
			shellScript = "\"${SRCROOT}/Pods/Target Support Files/Pods-WeatherApp/Pods-WeatherApp-resources.sh\"\n";
			showEnvVarsInLog = 0;
		};
		FCB0784D4D34A0BFB90ABEE7 /* Embed Pods Frameworks */ = {
			isa = PBXShellScriptBuildPhase;
			buildActionMask = 2147483647;
			files = (
			);
			inputPaths = (
			);
			name = "Embed Pods Frameworks";
			outputPaths = (
			);
			runOnlyForDeploymentPostprocessing = 0;
			shellPath = /bin/sh;
			shellScript = "\"${SRCROOT}/Pods/Target Support Files/Pods-WeatherApp/Pods-WeatherApp-frameworks.sh\"\n";
			showEnvVarsInLog = 0;
		};
/* End PBXShellScriptBuildPhase section */

/* Begin PBXSourcesBuildPhase section */
		D400C2911C6B25CF00A26019 /* Sources */ = {
			isa = PBXSourcesBuildPhase;
			buildActionMask = 2147483647;
			files = (
				D4580DA61C6D2A820008A18C /* LocationWeatherVC.swift in Sources */,
				D4580DA41C6D2A710008A18C /* MainWeatherVC.swift in Sources */,
				D4580DA81C6D56780008A18C /* WeatherCell.swift in Sources */,
				D4580DAA1C6D5B0A0008A18C /* Weather.swift in Sources */,
				D400C2991C6B25CF00A26019 /* AppDelegate.swift in Sources */,
				D4580DD11C6FC0E00008A18C /* Constants.swift in Sources */,
			);
			runOnlyForDeploymentPostprocessing = 0;
		};
		D4580DB51C6DA58C0008A18C /* Sources */ = {
			isa = PBXSourcesBuildPhase;
			buildActionMask = 2147483647;
			files = (
				D4580DC11C6DA58C0008A18C /* ExtensionDelegate.swift in Sources */,
				D4580DBF1C6DA58C0008A18C /* InterfaceController.swift in Sources */,
			);
			runOnlyForDeploymentPostprocessing = 0;
		};
/* End PBXSourcesBuildPhase section */

/* Begin PBXTargetDependency section */
		D4580DBC1C6DA58C0008A18C /* PBXTargetDependency */ = {
			isa = PBXTargetDependency;
			target = D4580DB81C6DA58C0008A18C /* WeatherWatch Extension */;
			targetProxy = D4580DBB1C6DA58C0008A18C /* PBXContainerItemProxy */;
		};
		D4580DC61C6DA58C0008A18C /* PBXTargetDependency */ = {
			isa = PBXTargetDependency;
			target = D4580DAC1C6DA58B0008A18C /* WeatherWatch */;
			targetProxy = D4580DC51C6DA58C0008A18C /* PBXContainerItemProxy */;
		};
/* End PBXTargetDependency section */

/* Begin PBXVariantGroup section */
		D400C29C1C6B25CF00A26019 /* Main.storyboard */ = {
			isa = PBXVariantGroup;
			children = (
				D400C29D1C6B25CF00A26019 /* Base */,
			);
			name = Main.storyboard;
			sourceTree = "<group>";
		};
		D400C2A11C6B25CF00A26019 /* LaunchScreen.storyboard */ = {
			isa = PBXVariantGroup;
			children = (
				D400C2A21C6B25CF00A26019 /* Base */,
			);
			name = LaunchScreen.storyboard;
			sourceTree = "<group>";
		};
		D4580DAF1C6DA58B0008A18C /* Interface.storyboard */ = {
			isa = PBXVariantGroup;
			children = (
				D4580DB01C6DA58B0008A18C /* Base */,
			);
			name = Interface.storyboard;
			sourceTree = "<group>";
		};
/* End PBXVariantGroup section */

/* Begin XCBuildConfiguration section */
		D400C2A51C6B25CF00A26019 /* Debug */ = {
			isa = XCBuildConfiguration;
			buildSettings = {
				ALWAYS_SEARCH_USER_PATHS = NO;
				CLANG_CXX_LANGUAGE_STANDARD = "gnu++0x";
				CLANG_CXX_LIBRARY = "libc++";
				CLANG_ENABLE_MODULES = YES;
				CLANG_ENABLE_OBJC_ARC = YES;
				CLANG_WARN_BOOL_CONVERSION = YES;
				CLANG_WARN_CONSTANT_CONVERSION = YES;
				CLANG_WARN_DIRECT_OBJC_ISA_USAGE = YES_ERROR;
				CLANG_WARN_EMPTY_BODY = YES;
				CLANG_WARN_ENUM_CONVERSION = YES;
				CLANG_WARN_INT_CONVERSION = YES;
				CLANG_WARN_OBJC_ROOT_CLASS = YES_ERROR;
				CLANG_WARN_UNREACHABLE_CODE = YES;
				CLANG_WARN__DUPLICATE_METHOD_MATCH = YES;
				"CODE_SIGN_IDENTITY[sdk=iphoneos*]" = "iPhone Developer";
				COPY_PHASE_STRIP = NO;
				DEBUG_INFORMATION_FORMAT = dwarf;
				ENABLE_STRICT_OBJC_MSGSEND = YES;
				ENABLE_TESTABILITY = YES;
				GCC_C_LANGUAGE_STANDARD = gnu99;
				GCC_DYNAMIC_NO_PIC = NO;
				GCC_NO_COMMON_BLOCKS = YES;
				GCC_OPTIMIZATION_LEVEL = 0;
				GCC_PREPROCESSOR_DEFINITIONS = (
					"DEBUG=1",
					"$(inherited)",
				);
				GCC_WARN_64_TO_32_BIT_CONVERSION = YES;
				GCC_WARN_ABOUT_RETURN_TYPE = YES_ERROR;
				GCC_WARN_UNDECLARED_SELECTOR = YES;
				GCC_WARN_UNINITIALIZED_AUTOS = YES_AGGRESSIVE;
				GCC_WARN_UNUSED_FUNCTION = YES;
				GCC_WARN_UNUSED_VARIABLE = YES;
				IPHONEOS_DEPLOYMENT_TARGET = 9.2;
				MTL_ENABLE_DEBUG_INFO = YES;
				ONLY_ACTIVE_ARCH = YES;
				SDKROOT = iphoneos;
				SWIFT_OPTIMIZATION_LEVEL = "-Onone";
			};
			name = Debug;
		};
		D400C2A61C6B25CF00A26019 /* Release */ = {
			isa = XCBuildConfiguration;
			buildSettings = {
				ALWAYS_SEARCH_USER_PATHS = NO;
				CLANG_CXX_LANGUAGE_STANDARD = "gnu++0x";
				CLANG_CXX_LIBRARY = "libc++";
				CLANG_ENABLE_MODULES = YES;
				CLANG_ENABLE_OBJC_ARC = YES;
				CLANG_WARN_BOOL_CONVERSION = YES;
				CLANG_WARN_CONSTANT_CONVERSION = YES;
				CLANG_WARN_DIRECT_OBJC_ISA_USAGE = YES_ERROR;
				CLANG_WARN_EMPTY_BODY = YES;
				CLANG_WARN_ENUM_CONVERSION = YES;
				CLANG_WARN_INT_CONVERSION = YES;
				CLANG_WARN_OBJC_ROOT_CLASS = YES_ERROR;
				CLANG_WARN_UNREACHABLE_CODE = YES;
				CLANG_WARN__DUPLICATE_METHOD_MATCH = YES;
				"CODE_SIGN_IDENTITY[sdk=iphoneos*]" = "iPhone Developer";
				COPY_PHASE_STRIP = NO;
				DEBUG_INFORMATION_FORMAT = "dwarf-with-dsym";
				ENABLE_NS_ASSERTIONS = NO;
				ENABLE_STRICT_OBJC_MSGSEND = YES;
				GCC_C_LANGUAGE_STANDARD = gnu99;
				GCC_NO_COMMON_BLOCKS = YES;
				GCC_WARN_64_TO_32_BIT_CONVERSION = YES;
				GCC_WARN_ABOUT_RETURN_TYPE = YES_ERROR;
				GCC_WARN_UNDECLARED_SELECTOR = YES;
				GCC_WARN_UNINITIALIZED_AUTOS = YES_AGGRESSIVE;
				GCC_WARN_UNUSED_FUNCTION = YES;
				GCC_WARN_UNUSED_VARIABLE = YES;
				IPHONEOS_DEPLOYMENT_TARGET = 9.2;
				MTL_ENABLE_DEBUG_INFO = NO;
				SDKROOT = iphoneos;
				VALIDATE_PRODUCT = YES;
			};
			name = Release;
		};
		D400C2A81C6B25CF00A26019 /* Debug */ = {
			isa = XCBuildConfiguration;
			baseConfigurationReference = 2C881C4F0DC515390B3FC23F /* Pods-WeatherApp.debug.xcconfig */;
			buildSettings = {
				ASSETCATALOG_COMPILER_APPICON_NAME = AppIcon;
				INFOPLIST_FILE = WeatherApp/Info.plist;
				LD_RUNPATH_SEARCH_PATHS = "$(inherited) @executable_path/Frameworks";
				PRODUCT_BUNDLE_IDENTIFIER = com.nicholasivanecky.WeatherApp;
				PRODUCT_NAME = "$(TARGET_NAME)";
			};
			name = Debug;
		};
		D400C2A91C6B25CF00A26019 /* Release */ = {
			isa = XCBuildConfiguration;
			baseConfigurationReference = 84560E0AD13FFF02E94FC098 /* Pods-WeatherApp.release.xcconfig */;
			buildSettings = {
				ASSETCATALOG_COMPILER_APPICON_NAME = AppIcon;
				INFOPLIST_FILE = WeatherApp/Info.plist;
				LD_RUNPATH_SEARCH_PATHS = "$(inherited) @executable_path/Frameworks";
				PRODUCT_BUNDLE_IDENTIFIER = com.nicholasivanecky.WeatherApp;
				PRODUCT_NAME = "$(TARGET_NAME)";
			};
			name = Release;
		};
		D4580DC91C6DA58C0008A18C /* Debug */ = {
			isa = XCBuildConfiguration;
			buildSettings = {
				INFOPLIST_FILE = "WeatherWatch Extension/Info.plist";
				LD_RUNPATH_SEARCH_PATHS = "$(inherited) @executable_path/Frameworks @executable_path/../../Frameworks";
				PRODUCT_BUNDLE_IDENTIFIER = com.nicholasivanecky.WeatherApp.watchkitapp.watchkitextension;
				PRODUCT_NAME = "${TARGET_NAME}";
				SDKROOT = watchos;
				SKIP_INSTALL = YES;
				TARGETED_DEVICE_FAMILY = 4;
				WATCHOS_DEPLOYMENT_TARGET = 2.1;
			};
			name = Debug;
		};
		D4580DCA1C6DA58C0008A18C /* Release */ = {
			isa = XCBuildConfiguration;
			buildSettings = {
				INFOPLIST_FILE = "WeatherWatch Extension/Info.plist";
				LD_RUNPATH_SEARCH_PATHS = "$(inherited) @executable_path/Frameworks @executable_path/../../Frameworks";
				PRODUCT_BUNDLE_IDENTIFIER = com.nicholasivanecky.WeatherApp.watchkitapp.watchkitextension;
				PRODUCT_NAME = "${TARGET_NAME}";
				SDKROOT = watchos;
				SKIP_INSTALL = YES;
				TARGETED_DEVICE_FAMILY = 4;
				WATCHOS_DEPLOYMENT_TARGET = 2.1;
			};
			name = Release;
		};
		D4580DCD1C6DA58C0008A18C /* Debug */ = {
			isa = XCBuildConfiguration;
			buildSettings = {
				ASSETCATALOG_COMPILER_APPICON_NAME = AppIcon;
				EMBEDDED_CONTENT_CONTAINS_SWIFT = YES;
				IBSC_MODULE = WeatherWatch_Extension;
				INFOPLIST_FILE = WeatherWatch/Info.plist;
				PRODUCT_BUNDLE_IDENTIFIER = com.nicholasivanecky.WeatherApp.watchkitapp;
				PRODUCT_NAME = "$(TARGET_NAME)";
				SDKROOT = watchos;
				SKIP_INSTALL = YES;
				TARGETED_DEVICE_FAMILY = 4;
				WATCHOS_DEPLOYMENT_TARGET = 2.1;
			};
			name = Debug;
		};
		D4580DCE1C6DA58C0008A18C /* Release */ = {
			isa = XCBuildConfiguration;
			buildSettings = {
				ASSETCATALOG_COMPILER_APPICON_NAME = AppIcon;
				EMBEDDED_CONTENT_CONTAINS_SWIFT = YES;
				IBSC_MODULE = WeatherWatch_Extension;
				INFOPLIST_FILE = WeatherWatch/Info.plist;
				PRODUCT_BUNDLE_IDENTIFIER = com.nicholasivanecky.WeatherApp.watchkitapp;
				PRODUCT_NAME = "$(TARGET_NAME)";
				SDKROOT = watchos;
				SKIP_INSTALL = YES;
				TARGETED_DEVICE_FAMILY = 4;
				WATCHOS_DEPLOYMENT_TARGET = 2.1;
			};
			name = Release;
		};
/* End XCBuildConfiguration section */

/* Begin XCConfigurationList section */
		D400C2901C6B25CF00A26019 /* Build configuration list for PBXProject "WeatherApp" */ = {
			isa = XCConfigurationList;
			buildConfigurations = (
				D400C2A51C6B25CF00A26019 /* Debug */,
				D400C2A61C6B25CF00A26019 /* Release */,
			);
			defaultConfigurationIsVisible = 0;
			defaultConfigurationName = Release;
		};
		D400C2A71C6B25CF00A26019 /* Build configuration list for PBXNativeTarget "WeatherApp" */ = {
			isa = XCConfigurationList;
			buildConfigurations = (
				D400C2A81C6B25CF00A26019 /* Debug */,
				D400C2A91C6B25CF00A26019 /* Release */,
			);
			defaultConfigurationIsVisible = 0;
			defaultConfigurationName = Release;
		};
		D4580DC81C6DA58C0008A18C /* Build configuration list for PBXNativeTarget "WeatherWatch Extension" */ = {
			isa = XCConfigurationList;
			buildConfigurations = (
				D4580DC91C6DA58C0008A18C /* Debug */,
				D4580DCA1C6DA58C0008A18C /* Release */,
			);
			defaultConfigurationIsVisible = 0;
		};
		D4580DCC1C6DA58C0008A18C /* Build configuration list for PBXNativeTarget "WeatherWatch" */ = {
			isa = XCConfigurationList;
			buildConfigurations = (
				D4580DCD1C6DA58C0008A18C /* Debug */,
				D4580DCE1C6DA58C0008A18C /* Release */,
			);
			defaultConfigurationIsVisible = 0;
		};
/* End XCConfigurationList section */
	};
	rootObject = D400C28D1C6B25CF00A26019 /* Project object */;
}
